
Microsoft Visual Studio Solution File, Format Version 12.00
# Visual Studio Version 16
VisualStudioVersion = 16.0.31112.23
MinimumVisualStudioVersion = 10.0.40219.1
Project("{2150E333-8FDC-42A3-9474-1A3956D46DE8}") = "Services", "Services", "{8F5C8F75-4627-4850-8149-C2DEC8DE2773}"
EndProject
Project("{2150E333-8FDC-42A3-9474-1A3956D46DE8}") = "Catalog", "Catalog", "{7DC78BC1-F9DB-446F-8787-E90D88928DF4}"
EndProject
Project("{9A19103F-16F7-4668-BE54-9A1E7A4F7556}") = "FreeCourse.Services.Catalog", "Services\Catalog\FreeCourse.Services.Catalog\FreeCourse.Services.Catalog.csproj", "{288F72CD-4B2A-4191-B9A4-5D0D76A4A830}"
EndProject
Project("{2150E333-8FDC-42A3-9474-1A3956D46DE8}") = "Solution Items", "Solution Items", "{7FEB4DAE-D41A-4F57-9EC8-80E75C85410B}"
	ProjectSection(SolutionItems) = preProject
		Port.txt = Port.txt
	EndProjectSection
EndProject
Project("{2150E333-8FDC-42A3-9474-1A3956D46DE8}") = "Shared", "Shared", "{1AB551F2-2D0B-4D51-89BA-1D92C8480EB1}"
EndProject
Project("{9A19103F-16F7-4668-BE54-9A1E7A4F7556}") = "FreeCourse.Shared", "Shared\FreeCourse.Shared\FreeCourse.Shared.csproj", "{C4C1BA64-F460-4699-AC69-62286E53C8FF}"
EndProject
Project("{2150E333-8FDC-42A3-9474-1A3956D46DE8}") = "IdentityServer", "IdentityServer", "{2C019A14-82D6-497D-A22C-871562646792}"
EndProject
Project("{9A19103F-16F7-4668-BE54-9A1E7A4F7556}") = "FreeCourse.IdentityServer", "IdentityServer\FreeCourse.IdentityServer\FreeCourse.IdentityServer.csproj", "{3BC858C4-32BE-4665-A526-1970AB6CD4A7}"
EndProject
Project("{2150E333-8FDC-42A3-9474-1A3956D46DE8}") = "PhotoStock", "PhotoStock", "{59F48737-BBDF-4F9B-8EB5-C5381A5733C3}"
EndProject
Project("{9A19103F-16F7-4668-BE54-9A1E7A4F7556}") = "FreeCourse.Services.PhotoStock", "Services\PhotoStock\FreeCourse.Services.PhotoStock\FreeCourse.Services.PhotoStock.csproj", "{CAB9E8BE-DEFD-487A-9335-33463F8D112E}"
EndProject
Project("{2150E333-8FDC-42A3-9474-1A3956D46DE8}") = "Basket", "Basket", "{590C5A3B-6BEA-450A-B7A2-01F6F6402A80}"
EndProject
Project("{9A19103F-16F7-4668-BE54-9A1E7A4F7556}") = "FreeCourse.Services.Basket", "Services\Basket\FreeCourse.Services.Basket\FreeCourse.Services.Basket.csproj", "{775D82CA-821A-4FDA-A5EB-1BD6979B094C}"
EndProject
Project("{2150E333-8FDC-42A3-9474-1A3956D46DE8}") = "Discount", "Discount", "{CA01131B-A8F3-47BB-B846-A8EB4CBB89A6}"
EndProject
Project("{FAE04EC0-301F-11D3-BF4B-00C04F79EFBC}") = "FreeCourse.Services.Discount", "Services\Discount\FreeCourse.Services.Discount\FreeCourse.Services.Discount.csproj", "{CC1CD3E0-CE7D-408A-8C9D-81D4F9E457E8}"
EndProject
Global
	GlobalSection(SolutionConfigurationPlatforms) = preSolution
		Debug|Any CPU = Debug|Any CPU
		Release|Any CPU = Release|Any CPU
	EndGlobalSection
	GlobalSection(ProjectConfigurationPlatforms) = postSolution
		{288F72CD-4B2A-4191-B9A4-5D0D76A4A830}.Debug|Any CPU.ActiveCfg = Debug|Any CPU
		{288F72CD-4B2A-4191-B9A4-5D0D76A4A830}.Debug|Any CPU.Build.0 = Debug|Any CPU
		{288F72CD-4B2A-4191-B9A4-5D0D76A4A830}.Release|Any CPU.ActiveCfg = Release|Any CPU
		{288F72CD-4B2A-4191-B9A4-5D0D76A4A830}.Release|Any CPU.Build.0 = Release|Any CPU
		{C4C1BA64-F460-4699-AC69-62286E53C8FF}.Debug|Any CPU.ActiveCfg = Debug|Any CPU
		{C4C1BA64-F460-4699-AC69-62286E53C8FF}.Debug|Any CPU.Build.0 = Debug|Any CPU
		{C4C1BA64-F460-4699-AC69-62286E53C8FF}.Release|Any CPU.ActiveCfg = Release|Any CPU
		{C4C1BA64-F460-4699-AC69-62286E53C8FF}.Release|Any CPU.Build.0 = Release|Any CPU
		{3BC858C4-32BE-4665-A526-1970AB6CD4A7}.Debug|Any CPU.ActiveCfg = Debug|Any CPU
		{3BC858C4-32BE-4665-A526-1970AB6CD4A7}.Debug|Any CPU.Build.0 = Debug|Any CPU
		{3BC858C4-32BE-4665-A526-1970AB6CD4A7}.Release|Any CPU.ActiveCfg = Release|Any CPU
		{3BC858C4-32BE-4665-A526-1970AB6CD4A7}.Release|Any CPU.Build.0 = Release|Any CPU
		{CAB9E8BE-DEFD-487A-9335-33463F8D112E}.Debug|Any CPU.ActiveCfg = Debug|Any CPU
		{CAB9E8BE-DEFD-487A-9335-33463F8D112E}.Debug|Any CPU.Build.0 = Debug|Any CPU
		{CAB9E8BE-DEFD-487A-9335-33463F8D112E}.Release|Any CPU.ActiveCfg = Release|Any CPU
		{CAB9E8BE-DEFD-487A-9335-33463F8D112E}.Release|Any CPU.Build.0 = Release|Any CPU
		{775D82CA-821A-4FDA-A5EB-1BD6979B094C}.Debug|Any CPU.ActiveCfg = Debug|Any CPU
		{775D82CA-821A-4FDA-A5EB-1BD6979B094C}.Debug|Any CPU.Build.0 = Debug|Any CPU
		{775D82CA-821A-4FDA-A5EB-1BD6979B094C}.Release|Any CPU.ActiveCfg = Release|Any CPU
		{775D82CA-821A-4FDA-A5EB-1BD6979B094C}.Release|Any CPU.Build.0 = Release|Any CPU
		{CC1CD3E0-CE7D-408A-8C9D-81D4F9E457E8}.Debug|Any CPU.ActiveCfg = Debug|Any CPU
		{CC1CD3E0-CE7D-408A-8C9D-81D4F9E457E8}.Debug|Any CPU.Build.0 = Debug|Any CPU
		{CC1CD3E0-CE7D-408A-8C9D-81D4F9E457E8}.Release|Any CPU.ActiveCfg = Release|Any CPU
		{CC1CD3E0-CE7D-408A-8C9D-81D4F9E457E8}.Release|Any CPU.Build.0 = Release|Any CPU
	EndGlobalSection
	GlobalSection(SolutionProperties) = preSolution
		HideSolutionNode = FALSE
	EndGlobalSection
	GlobalSection(NestedProjects) = preSolution
		{7DC78BC1-F9DB-446F-8787-E90D88928DF4} = {8F5C8F75-4627-4850-8149-C2DEC8DE2773}
		{288F72CD-4B2A-4191-B9A4-5D0D76A4A830} = {7DC78BC1-F9DB-446F-8787-E90D88928DF4}
		{C4C1BA64-F460-4699-AC69-62286E53C8FF} = {1AB551F2-2D0B-4D51-89BA-1D92C8480EB1}
		{3BC858C4-32BE-4665-A526-1970AB6CD4A7} = {2C019A14-82D6-497D-A22C-871562646792}
		{59F48737-BBDF-4F9B-8EB5-C5381A5733C3} = {8F5C8F75-4627-4850-8149-C2DEC8DE2773}
		{CAB9E8BE-DEFD-487A-9335-33463F8D112E} = {59F48737-BBDF-4F9B-8EB5-C5381A5733C3}
		{590C5A3B-6BEA-450A-B7A2-01F6F6402A80} = {8F5C8F75-4627-4850-8149-C2DEC8DE2773}
		{775D82CA-821A-4FDA-A5EB-1BD6979B094C} = {590C5A3B-6BEA-450A-B7A2-01F6F6402A80}
		{CA01131B-A8F3-47BB-B846-A8EB4CBB89A6} = {8F5C8F75-4627-4850-8149-C2DEC8DE2773}
		{CC1CD3E0-CE7D-408A-8C9D-81D4F9E457E8} = {CA01131B-A8F3-47BB-B846-A8EB4CBB89A6}
	EndGlobalSection
	GlobalSection(ExtensibilityGlobals) = postSolution
		SolutionGuid = {CBAF38C0-42A9-4AA1-BC6B-3B78A5D79125}
	EndGlobalSection
EndGlobal
